
Microsoft Visual Studio Solution File, Format Version 12.00
# Visual Studio Version 16
VisualStudioVersion = 16.0.30309.148
MinimumVisualStudioVersion = 10.0.40219.1
Project("{FAE04EC0-301F-11D3-BF4B-00C04F79EFBC}") = "ModsimRunner", "ModsimRunner.csproj", "{C765EC9B-FC2A-4FD0-B261-C89933808B5E}"
EndProject
Global
	GlobalSection(SolutionConfigurationPlatforms) = preSolution
		Debug|Any CPU = Debug|Any CPU
		Release|Any CPU = Release|Any CPU
	EndGlobalSection
	GlobalSection(ProjectConfigurationPlatforms) = postSolution
		{C765EC9B-FC2A-4FD0-B261-C89933808B5E}.Debug|Any CPU.ActiveCfg = Debug|Any CPU
		{C765EC9B-FC2A-4FD0-B261-C89933808B5E}.Debug|Any CPU.Build.0 = Debug|Any CPU
		{C765EC9B-FC2A-4FD0-B261-C89933808B5E}.Release|Any CPU.ActiveCfg = Release|Any CPU
		{C765EC9B-FC2A-4FD0-B261-C89933808B5E}.Release|Any CPU.Build.0 = Release|Any CPU
	EndGlobalSection
	GlobalSection(SolutionProperties) = preSolution
		HideSolutionNode = FALSE
	EndGlobalSection
	GlobalSection(ExtensibilityGlobals) = postSolution
		SolutionGuid = {B3A3E583-3183-4144-994D-9DF4E5E2F36E}
	EndGlobalSection
EndGlobal
